
Microsoft Visual Studio Solution File, Format Version 12.00
# Visual Studio Version 16
VisualStudioVersion = 16.0.31402.337
MinimumVisualStudioVersion = 10.0.40219.1
Project("{FAE04EC0-301F-11D3-BF4B-00C04F79EFBC}") = "BudgetPlanner", "BudgetPlanner\BudgetPlanner.csproj", "{BC802382-A50C-42F3-8EFB-D5118E43B03D}"
EndProject
Global
	GlobalSection(SolutionConfigurationPlatforms) = preSolution
		Debug|Any CPU = Debug|Any CPU
		Release|Any CPU = Release|Any CPU
	EndGlobalSection
	GlobalSection(ProjectConfigurationPlatforms) = postSolution
		{BC802382-A50C-42F3-8EFB-D5118E43B03D}.Debug|Any CPU.ActiveCfg = Debug|Any CPU
		{BC802382-A50C-42F3-8EFB-D5118E43B03D}.Debug|Any CPU.Build.0 = Debug|Any CPU
		{BC802382-A50C-42F3-8EFB-D5118E43B03D}.Release|Any CPU.ActiveCfg = Release|Any CPU
		{BC802382-A50C-42F3-8EFB-D5118E43B03D}.Release|Any CPU.Build.0 = Release|Any CPU
	EndGlobalSection
	GlobalSection(SolutionProperties) = preSolution
		HideSolutionNode = FALSE
	EndGlobalSection
	GlobalSection(ExtensibilityGlobals) = postSolution
		SolutionGuid = {62A98DB9-0DE4-48D4-A7CC-AADB627F9214}
	EndGlobalSection
EndGlobal
